
Microsoft Visual Studio Solution File, Format Version 12.00
# Visual Studio Version 17
VisualStudioVersion = 17.1.32228.430
MinimumVisualStudioVersion = 10.0.40219.1
Project("{FAE04EC0-301F-11D3-BF4B-00C04F79EFBC}") = "WpfApp5", "WpfApp5\WpfApp5.csproj", "{CD2F3D16-AFEE-41DF-B8DA-20BC7BEABB70}"
EndProject
Global
	GlobalSection(SolutionConfigurationPlatforms) = preSolution
		Debug|Any CPU = Debug|Any CPU
		Release|Any CPU = Release|Any CPU
	EndGlobalSection
	GlobalSection(ProjectConfigurationPlatforms) = postSolution
		{CD2F3D16-AFEE-41DF-B8DA-20BC7BEABB70}.Debug|Any CPU.ActiveCfg = Debug|Any CPU
		{CD2F3D16-AFEE-41DF-B8DA-20BC7BEABB70}.Debug|Any CPU.Build.0 = Debug|Any CPU
		{CD2F3D16-AFEE-41DF-B8DA-20BC7BEABB70}.Release|Any CPU.ActiveCfg = Release|Any CPU
		{CD2F3D16-AFEE-41DF-B8DA-20BC7BEABB70}.Release|Any CPU.Build.0 = Release|Any CPU
	EndGlobalSection
	GlobalSection(SolutionProperties) = preSolution
		HideSolutionNode = FALSE
	EndGlobalSection
	GlobalSection(ExtensibilityGlobals) = postSolution
		SolutionGuid = {72866A5C-B6AA-44C5-8541-6C0C098027E4}
	EndGlobalSection
EndGlobal
